
Microsoft Visual Studio Solution File, Format Version 12.00
# Visual Studio Version 16
VisualStudioVersion = 16.0.30002.166
MinimumVisualStudioVersion = 10.0.40219.1
Project("{FAE04EC0-301F-11D3-BF4B-00C04F79EFBC}") = "EvanKeith_s00187990", "EvanKeith_s00187990\EvanKeith_s00187990.csproj", "{AEFBB854-EBDE-4C07-B966-739C9358B59F}"
EndProject
Project("{FAE04EC0-301F-11D3-BF4B-00C04F79EFBC}") = "PhoneAppTest", "PhoneAppTest\PhoneAppTest.csproj", "{FE17E572-2B77-4FE0-9720-33DC01AD099B}"
EndProject
Global
	GlobalSection(SolutionConfigurationPlatforms) = preSolution
		Debug|Any CPU = Debug|Any CPU
		Release|Any CPU = Release|Any CPU
	EndGlobalSection
	GlobalSection(ProjectConfigurationPlatforms) = postSolution
		{AEFBB854-EBDE-4C07-B966-739C9358B59F}.Debug|Any CPU.ActiveCfg = Debug|Any CPU
		{AEFBB854-EBDE-4C07-B966-739C9358B59F}.Debug|Any CPU.Build.0 = Debug|Any CPU
		{AEFBB854-EBDE-4C07-B966-739C9358B59F}.Release|Any CPU.ActiveCfg = Release|Any CPU
		{AEFBB854-EBDE-4C07-B966-739C9358B59F}.Release|Any CPU.Build.0 = Release|Any CPU
		{FE17E572-2B77-4FE0-9720-33DC01AD099B}.Debug|Any CPU.ActiveCfg = Debug|Any CPU
		{FE17E572-2B77-4FE0-9720-33DC01AD099B}.Debug|Any CPU.Build.0 = Debug|Any CPU
		{FE17E572-2B77-4FE0-9720-33DC01AD099B}.Release|Any CPU.ActiveCfg = Release|Any CPU
		{FE17E572-2B77-4FE0-9720-33DC01AD099B}.Release|Any CPU.Build.0 = Release|Any CPU
	EndGlobalSection
	GlobalSection(SolutionProperties) = preSolution
		HideSolutionNode = FALSE
	EndGlobalSection
	GlobalSection(ExtensibilityGlobals) = postSolution
		SolutionGuid = {0F27AFD4-C2F2-4287-937B-D04C4D875D00}
	EndGlobalSection
EndGlobal
